// !$*UTF8*$!
{
	archiveVersion = 1;
	classes = {
	};
	objectVersion = 46;
	objects = {

/* Begin PBXFileReference section */
		E101C9F41A9CB1DD0001ED3C /* getdata.py */ = {isa = PBXFileReference; fileEncoding = 4; lastKnownFileType = text.script.python; path = getdata.py; sourceTree = "<group>"; usesTabs = 0; };
		E101C9F51A9CB4E20001ED3C /* plot.py */ = {isa = PBXFileReference; fileEncoding = 4; lastKnownFileType = text.script.python; path = plot.py; sourceTree = "<group>"; };
		E101C9F61A9CB4F30001ED3C /* process.py */ = {isa = PBXFileReference; fileEncoding = 4; lastKnownFileType = text.script.python; path = process.py; sourceTree = "<group>"; };
		E101C9F71A9CC78B0001ED3C /* part.py */ = {isa = PBXFileReference; fileEncoding = 4; lastKnownFileType = text.script.python; path = part.py; sourceTree = "<group>"; };
		E11F6B6B1AAEFA4800E35090 /* const.py */ = {isa = PBXFileReference; fileEncoding = 4; lastKnownFileType = text.script.python; path = const.py; sourceTree = "<group>"; };
/* End PBXFileReference section */

/* Begin PBXGroup section */
		E101C9E91A9CAC910001ED3C = {
			isa = PBXGroup;
			children = (
				E101C9F41A9CB1DD0001ED3C /* getdata.py */,
				E101C9F71A9CC78B0001ED3C /* part.py */,
				E101C9F61A9CB4F30001ED3C /* process.py */,
				E101C9F51A9CB4E20001ED3C /* plot.py */,
				E11F6B6B1AAEFA4800E35090 /* const.py */,
			);
			sourceTree = "<group>";
		};
/* End PBXGroup section */

/* Begin PBXLegacyTarget section */
		E101C9EE1A9CAC920001ED3C /* 3dDiag */ = {
			isa = PBXLegacyTarget;
			buildArgumentsString = "$(ACTION)";
			buildConfigurationList = E101C9F11A9CAC920001ED3C /* Build configuration list for PBXLegacyTarget "3dDiag" */;
			buildPhases = (
			);
			buildToolPath = /opt/local/bin/python;
			dependencies = (
			);
			name = 3dDiag;
			passBuildSettingsInEnvironment = 1;
			productName = 3dDiag;
		};
/* End PBXLegacyTarget section */

/* Begin PBXProject section */
		E101C9EA1A9CAC910001ED3C /* Project object */ = {
			isa = PBXProject;
			attributes = {
				LastUpgradeCheck = 0610;
				ORGANIZATIONNAME = "Viktoria Wolters";
				TargetAttributes = {
					E101C9EE1A9CAC920001ED3C = {
						CreatedOnToolsVersion = 6.1.1;
					};
				};
			};
			buildConfigurationList = E101C9ED1A9CAC910001ED3C /* Build configuration list for PBXProject "3dDiag" */;
			compatibilityVersion = "Xcode 3.2";
			developmentRegion = English;
			hasScannedForEncodings = 0;
			knownRegions = (
				en,
			);
			mainGroup = E101C9E91A9CAC910001ED3C;
			projectDirPath = "";
			projectRoot = "";
			targets = (
				E101C9EE1A9CAC920001ED3C /* 3dDiag */,
			);
		};
/* End PBXProject section */

/* Begin XCBuildConfiguration section */
		E101C9EF1A9CAC920001ED3C /* Debug */ = {
			isa = XCBuildConfiguration;
			buildSettings = {
				ALWAYS_SEARCH_USER_PATHS = NO;
				CLANG_CXX_LANGUAGE_STANDARD = "gnu++0x";
				CLANG_CXX_LIBRARY = "libc++";
				CLANG_ENABLE_MODULES = YES;
				CLANG_ENABLE_OBJC_ARC = YES;
				CLANG_WARN_BOOL_CONVERSION = YES;
				CLANG_WARN_CONSTANT_CONVERSION = YES;
				CLANG_WARN_DIRECT_OBJC_ISA_USAGE = YES_ERROR;
				CLANG_WARN_EMPTY_BODY = YES;
				CLANG_WARN_ENUM_CONVERSION = YES;
				CLANG_WARN_INT_CONVERSION = YES;
				CLANG_WARN_OBJC_ROOT_CLASS = YES_ERROR;
				CLANG_WARN_UNREACHABLE_CODE = YES;
				CLANG_WARN__DUPLICATE_METHOD_MATCH = YES;
				COPY_PHASE_STRIP = NO;
				ENABLE_STRICT_OBJC_MSGSEND = YES;
				GCC_C_LANGUAGE_STANDARD = gnu99;
				GCC_DYNAMIC_NO_PIC = NO;
				GCC_OPTIMIZATION_LEVEL = 0;
				GCC_PREPROCESSOR_DEFINITIONS = (
					"DEBUG=1",
					"$(inherited)",
				);
				GCC_SYMBOLS_PRIVATE_EXTERN = NO;
				GCC_WARN_64_TO_32_BIT_CONVERSION = YES;
				GCC_WARN_ABOUT_RETURN_TYPE = YES_ERROR;
				GCC_WARN_UNDECLARED_SELECTOR = YES;
				GCC_WARN_UNINITIALIZED_AUTOS = YES_AGGRESSIVE;
				GCC_WARN_UNUSED_FUNCTION = YES;
				GCC_WARN_UNUSED_VARIABLE = YES;
				MACOSX_DEPLOYMENT_TARGET = 10.9;
				MTL_ENABLE_DEBUG_INFO = YES;
				ONLY_ACTIVE_ARCH = YES;
				SDKROOT = macosx;
			};
			name = Debug;
		};
		E101C9F01A9CAC920001ED3C /* Release */ = {
			isa = XCBuildConfiguration;
			buildSettings = {
				ALWAYS_SEARCH_USER_PATHS = NO;
				CLANG_CXX_LANGUAGE_STANDARD = "gnu++0x";
				CLANG_CXX_LIBRARY = "libc++";
				CLANG_ENABLE_MODULES = YES;
				CLANG_ENABLE_OBJC_ARC = YES;
				CLANG_WARN_BOOL_CONVERSION = YES;
				CLANG_WARN_CONSTANT_CONVERSION = YES;
				CLANG_WARN_DIRECT_OBJC_ISA_USAGE = YES_ERROR;
				CLANG_WARN_EMPTY_BODY = YES;
				CLANG_WARN_ENUM_CONVERSION = YES;
				CLANG_WARN_INT_CONVERSION = YES;
				CLANG_WARN_OBJC_ROOT_CLASS = YES_ERROR;
				CLANG_WARN_UNREACHABLE_CODE = YES;
				CLANG_WARN__DUPLICATE_METHOD_MATCH = YES;
				COPY_PHASE_STRIP = YES;
				DEBUG_INFORMATION_FORMAT = "dwarf-with-dsym";
				ENABLE_NS_ASSERTIONS = NO;
				ENABLE_STRICT_OBJC_MSGSEND = YES;
				GCC_C_LANGUAGE_STANDARD = gnu99;
				GCC_WARN_64_TO_32_BIT_CONVERSION = YES;
				GCC_WARN_ABOUT_RETURN_TYPE = YES_ERROR;
				GCC_WARN_UNDECLARED_SELECTOR = YES;
				GCC_WARN_UNINITIALIZED_AUTOS = YES_AGGRESSIVE;
				GCC_WARN_UNUSED_FUNCTION = YES;
				GCC_WARN_UNUSED_VARIABLE = YES;
				MACOSX_DEPLOYMENT_TARGET = 10.9;
				MTL_ENABLE_DEBUG_INFO = NO;
				SDKROOT = macosx;
			};
			name = Release;
		};
		E101C9F21A9CAC920001ED3C /* Debug */ = {
			isa = XCBuildConfiguration;
			buildSettings = {
				DEBUGGING_SYMBOLS = YES;
				GCC_GENERATE_DEBUGGING_SYMBOLS = YES;
				GCC_OPTIMIZATION_LEVEL = 0;
				OTHER_CFLAGS = "";
				OTHER_LDFLAGS = "";
				PRODUCT_NAME = "$(TARGET_NAME)";
			};
			name = Debug;
		};
		E101C9F31A9CAC920001ED3C /* Release */ = {
			isa = XCBuildConfiguration;
			buildSettings = {
				OTHER_CFLAGS = "";
				OTHER_LDFLAGS = "";
				PRODUCT_NAME = "$(TARGET_NAME)";
			};
			name = Release;
		};
/* End XCBuildConfiguration section */

/* Begin XCConfigurationList section */
		E101C9ED1A9CAC910001ED3C /* Build configuration list for PBXProject "3dDiag" */ = {
			isa = XCConfigurationList;
			buildConfigurations = (
				E101C9EF1A9CAC920001ED3C /* Debug */,
				E101C9F01A9CAC920001ED3C /* Release */,
			);
			defaultConfigurationIsVisible = 0;
			defaultConfigurationName = Release;
		};
		E101C9F11A9CAC920001ED3C /* Build configuration list for PBXLegacyTarget "3dDiag" */ = {
			isa = XCConfigurationList;
			buildConfigurations = (
				E101C9F21A9CAC920001ED3C /* Debug */,
				E101C9F31A9CAC920001ED3C /* Release */,
			);
			defaultConfigurationIsVisible = 0;
			defaultConfigurationName = Release;
		};
/* End XCConfigurationList section */
	};
	rootObject = E101C9EA1A9CAC910001ED3C /* Project object */;
}
